
Microsoft Visual Studio Solution File, Format Version 12.00
# Visual Studio Version 17
VisualStudioVersion = 17.0.31903.59
MinimumVisualStudioVersion = 10.0.40219.1
Project("{FAE04EC0-301F-11D3-BF4B-00C04F79EFBC}") = "SistemaPedidos.Domain", "SistemaPedidos.Domain\SistemaPedidos.Domain.csproj", "{A5F574F1-68C4-462D-8D5B-8205DA438CDE}"
EndProject
Project("{FAE04EC0-301F-11D3-BF4B-00C04F79EFBC}") = "SistemaPedidos.Application", "SistemaPedidos.Application\SistemaPedidos.Application.csproj", "{0CCED6B9-9931-4EB4-828A-BC8AF1E73B86}"
EndProject
Project("{FAE04EC0-301F-11D3-BF4B-00C04F79EFBC}") = "SistemaPedidos.Infrastructure", "SistemaPedidos.Infrastructure\SistemaPedidos.Infrastructure.csproj", "{923ECAA4-EE14-4132-BAA1-0AB859785124}"
EndProject
Project("{FAE04EC0-301F-11D3-BF4B-00C04F79EFBC}") = "SistemaPedidos.WebApi", "SistemaPedidos.WebApi\SistemaPedidos.WebApi.csproj", "{8258853E-C646-4FEF-AF0C-FDE4049421F3}"
EndProject
Global
	GlobalSection(SolutionConfigurationPlatforms) = preSolution
		Debug|Any CPU = Debug|Any CPU
		Release|Any CPU = Release|Any CPU
	EndGlobalSection
	GlobalSection(SolutionProperties) = preSolution
		HideSolutionNode = FALSE
	EndGlobalSection
	GlobalSection(ProjectConfigurationPlatforms) = postSolution
		{A5F574F1-68C4-462D-8D5B-8205DA438CDE}.Debug|Any CPU.ActiveCfg = Debug|Any CPU
		{A5F574F1-68C4-462D-8D5B-8205DA438CDE}.Debug|Any CPU.Build.0 = Debug|Any CPU
		{A5F574F1-68C4-462D-8D5B-8205DA438CDE}.Release|Any CPU.ActiveCfg = Release|Any CPU
		{A5F574F1-68C4-462D-8D5B-8205DA438CDE}.Release|Any CPU.Build.0 = Release|Any CPU
		{0CCED6B9-9931-4EB4-828A-BC8AF1E73B86}.Debug|Any CPU.ActiveCfg = Debug|Any CPU
		{0CCED6B9-9931-4EB4-828A-BC8AF1E73B86}.Debug|Any CPU.Build.0 = Debug|Any CPU
		{0CCED6B9-9931-4EB4-828A-BC8AF1E73B86}.Release|Any CPU.ActiveCfg = Release|Any CPU
		{0CCED6B9-9931-4EB4-828A-BC8AF1E73B86}.Release|Any CPU.Build.0 = Release|Any CPU
		{923ECAA4-EE14-4132-BAA1-0AB859785124}.Debug|Any CPU.ActiveCfg = Debug|Any CPU
		{923ECAA4-EE14-4132-BAA1-0AB859785124}.Debug|Any CPU.Build.0 = Debug|Any CPU
		{923ECAA4-EE14-4132-BAA1-0AB859785124}.Release|Any CPU.ActiveCfg = Release|Any CPU
		{923ECAA4-EE14-4132-BAA1-0AB859785124}.Release|Any CPU.Build.0 = Release|Any CPU
		{8258853E-C646-4FEF-AF0C-FDE4049421F3}.Debug|Any CPU.ActiveCfg = Debug|Any CPU
		{8258853E-C646-4FEF-AF0C-FDE4049421F3}.Debug|Any CPU.Build.0 = Debug|Any CPU
		{8258853E-C646-4FEF-AF0C-FDE4049421F3}.Release|Any CPU.ActiveCfg = Release|Any CPU
		{8258853E-C646-4FEF-AF0C-FDE4049421F3}.Release|Any CPU.Build.0 = Release|Any CPU
	EndGlobalSection
EndGlobal
